
Microsoft Visual Studio Solution File, Format Version 12.00
# Visual Studio Version 17
VisualStudioVersion = 17.11.35303.130
MinimumVisualStudioVersion = 10.0.40219.1
Project("{2150E333-8FDC-42A3-9474-1A3956D46DE8}") = "Task0", "Task0", "{9BA4ACBF-7CF3-4FAD-83D6-FC4EA0247174}"
EndProject
Project("{9A19103F-16F7-4668-BE54-9A1E7A4F7556}") = "Tyuiu.YakimukVV.Sprint3.Task0.V4", "Tyuiu.YakimukVV.Sprint3.Task0.V4\Tyuiu.YakimukVV.Sprint3.Task0.V4.csproj", "{C02AFF46-6F81-48FA-B15A-8DD6EC6FFB23}"
EndProject
Project("{9A19103F-16F7-4668-BE54-9A1E7A4F7556}") = "Tyuiu.YakimukVV.Sprint3.Task0.V4.Lib", "Tyuiu.YakimukVV.Sprint3.Task0.V4.Lib\Tyuiu.YakimukVV.Sprint3.Task0.V4.Lib.csproj", "{51E5B649-4754-4913-81D3-9571AA53AD3F}"
EndProject
Project("{9A19103F-16F7-4668-BE54-9A1E7A4F7556}") = "Tyuiu.YakimukVV.Sprint3.Task0.V4.Test", "Tyuiu.YakimukVV.Sprint3.Task0.V4.Test\Tyuiu.YakimukVV.Sprint3.Task0.V4.Test.csproj", "{FEBD95C5-0355-4986-9497-6021EEBB7979}"
EndProject
Project("{2150E333-8FDC-42A3-9474-1A3956D46DE8}") = "Task1", "Task1", "{E92C52FB-58F5-4FFE-B205-90F731C61181}"
EndProject
Project("{9A19103F-16F7-4668-BE54-9A1E7A4F7556}") = "Tyuiu.YakimukVV.Sprint3.Task1.V6", "Tyuiu.YakimukVV.Sprint3.Task1.V6\Tyuiu.YakimukVV.Sprint3.Task1.V6.csproj", "{61D1B1DC-32E5-4C1B-938A-45E226BE55FB}"
EndProject
Project("{9A19103F-16F7-4668-BE54-9A1E7A4F7556}") = "Tyuiu.YakimukVV.Sprint3.Task1.V6.Lib", "Tyuiu.YakimukVV.Sprint3.Task1.V6.Lib\Tyuiu.YakimukVV.Sprint3.Task1.V6.Lib.csproj", "{FE1E0626-39E5-470A-B815-E8491AFCA260}"
EndProject
Project("{9A19103F-16F7-4668-BE54-9A1E7A4F7556}") = "Tyuiu.YakimukVV.Sprint3.Task1.V6.Test", "Tyuiu.YakimukVV.Sprint3.Task1.V6.Test\Tyuiu.YakimukVV.Sprint3.Task1.V6.Test.csproj", "{8F00F8BB-ECB6-4841-8502-853E1B9854F5}"
EndProject
Project("{2150E333-8FDC-42A3-9474-1A3956D46DE8}") = "Task2", "Task2", "{72C298BD-BC85-4F47-919D-2E953171E0C1}"
EndProject
Project("{9A19103F-16F7-4668-BE54-9A1E7A4F7556}") = "Tyuiu.YakimukVV.Sprint3.Task2.V19", "Tyuiu.YakimukVV.Sprint3.Task2.V19\Tyuiu.YakimukVV.Sprint3.Task2.V19.csproj", "{F6C16166-C0BF-47D6-AEF4-78DE39618BCA}"
EndProject
Project("{9A19103F-16F7-4668-BE54-9A1E7A4F7556}") = "Tyuiu.YakimukVV.Sprint3.Task2.V19.Lib", "Tyuiu.YakimukVV.Sprint3.Task2.V19.Lib\Tyuiu.YakimukVV.Sprint3.Task2.V19.Lib.csproj", "{8A84AD36-FFBF-49D5-A786-11981E16F36B}"
EndProject
Project("{9A19103F-16F7-4668-BE54-9A1E7A4F7556}") = "Tyuiu.YakimukVV.Sprint3.Task2.V19.Test", "Tyuiu.YakimukVV.Sprint3.Task2.V19.Test\Tyuiu.YakimukVV.Sprint3.Task2.V19.Test.csproj", "{98B3F1E7-D55F-4E89-8617-622C5A770F81}"
EndProject
Project("{2150E333-8FDC-42A3-9474-1A3956D46DE8}") = "Task3", "Task3", "{9E341E8B-270B-4324-B638-02F2656BE1E6}"
EndProject
Project("{9A19103F-16F7-4668-BE54-9A1E7A4F7556}") = "Tyuiu.YakimukVV.Sprint3.Task3.V18", "Tyuiu.YakimukVV.Sprint3.Task3.V18\Tyuiu.YakimukVV.Sprint3.Task3.V18.csproj", "{48C4FFC5-99DC-4F8B-B7A4-1075A15952DB}"
EndProject
Project("{9A19103F-16F7-4668-BE54-9A1E7A4F7556}") = "Tyuiu.YakimukVV.Sprint3.Task3.V18.Test", "Tyuiu.YakimukVV.Sprint3.Task3.V18.Test\Tyuiu.YakimukVV.Sprint3.Task3.V18.Test.csproj", "{F9F8B6F3-4AE7-4971-9945-ECF35D87B354}"
EndProject
Project("{9A19103F-16F7-4668-BE54-9A1E7A4F7556}") = "Tyuiu.YakimukVV.Sprint3.Task3.V18.Lib", "Tyuiu.YakimukVV.Sprint3.Task3.V18.Lib\Tyuiu.YakimukVV.Sprint3.Task3.V18.Lib.csproj", "{AC218F83-C1D2-433C-922E-A8DB63DA925B}"
EndProject
Project("{2150E333-8FDC-42A3-9474-1A3956D46DE8}") = "Task4", "Task4", "{1AF97471-F299-491B-B866-C0955504BE2C}"
EndProject
Project("{FAE04EC0-301F-11D3-BF4B-00C04F79EFBC}") = "Tyuiu.YakimukVV.Sprint3.Task4.V17", "Tyuiu.YakimukVV.Sprint3.Task4.V17\Tyuiu.YakimukVV.Sprint3.Task4.V17.csproj", "{A4547EE2-3949-4343-A64F-C019FB3C2A86}"
EndProject
Project("{FAE04EC0-301F-11D3-BF4B-00C04F79EFBC}") = "Tyuiu.YakimukVV.Sprint3.Task4.V17.Lib", "Tyuiu.YakimukVV.Sprint3.Task4.V17.Lib\Tyuiu.YakimukVV.Sprint3.Task4.V17.Lib.csproj", "{7E6FFAFB-7243-4873-8472-F39D57C1741B}"
EndProject
Project("{FAE04EC0-301F-11D3-BF4B-00C04F79EFBC}") = "Tyuiu.YakimukVV.Sprint3.Task4.V17.Test", "Tyuiu.YakimukVV.Sprint3.Task4.V17.Test\Tyuiu.YakimukVV.Sprint3.Task4.V17.Test.csproj", "{FB31ED35-51A4-43EA-A1E3-3568D1FE88C3}"
EndProject
Global
	GlobalSection(SolutionConfigurationPlatforms) = preSolution
		Debug|Any CPU = Debug|Any CPU
		Release|Any CPU = Release|Any CPU
	EndGlobalSection
	GlobalSection(ProjectConfigurationPlatforms) = postSolution
		{C02AFF46-6F81-48FA-B15A-8DD6EC6FFB23}.Debug|Any CPU.ActiveCfg = Debug|Any CPU
		{C02AFF46-6F81-48FA-B15A-8DD6EC6FFB23}.Debug|Any CPU.Build.0 = Debug|Any CPU
		{C02AFF46-6F81-48FA-B15A-8DD6EC6FFB23}.Release|Any CPU.ActiveCfg = Release|Any CPU
		{C02AFF46-6F81-48FA-B15A-8DD6EC6FFB23}.Release|Any CPU.Build.0 = Release|Any CPU
		{51E5B649-4754-4913-81D3-9571AA53AD3F}.Debug|Any CPU.ActiveCfg = Debug|Any CPU
		{51E5B649-4754-4913-81D3-9571AA53AD3F}.Debug|Any CPU.Build.0 = Debug|Any CPU
		{51E5B649-4754-4913-81D3-9571AA53AD3F}.Release|Any CPU.ActiveCfg = Release|Any CPU
		{51E5B649-4754-4913-81D3-9571AA53AD3F}.Release|Any CPU.Build.0 = Release|Any CPU
		{FEBD95C5-0355-4986-9497-6021EEBB7979}.Debug|Any CPU.ActiveCfg = Debug|Any CPU
		{FEBD95C5-0355-4986-9497-6021EEBB7979}.Debug|Any CPU.Build.0 = Debug|Any CPU
		{FEBD95C5-0355-4986-9497-6021EEBB7979}.Release|Any CPU.ActiveCfg = Release|Any CPU
		{FEBD95C5-0355-4986-9497-6021EEBB7979}.Release|Any CPU.Build.0 = Release|Any CPU
		{61D1B1DC-32E5-4C1B-938A-45E226BE55FB}.Debug|Any CPU.ActiveCfg = Debug|Any CPU
		{61D1B1DC-32E5-4C1B-938A-45E226BE55FB}.Debug|Any CPU.Build.0 = Debug|Any CPU
		{61D1B1DC-32E5-4C1B-938A-45E226BE55FB}.Release|Any CPU.ActiveCfg = Release|Any CPU
		{61D1B1DC-32E5-4C1B-938A-45E226BE55FB}.Release|Any CPU.Build.0 = Release|Any CPU
		{FE1E0626-39E5-470A-B815-E8491AFCA260}.Debug|Any CPU.ActiveCfg = Debug|Any CPU
		{FE1E0626-39E5-470A-B815-E8491AFCA260}.Debug|Any CPU.Build.0 = Debug|Any CPU
		{FE1E0626-39E5-470A-B815-E8491AFCA260}.Release|Any CPU.ActiveCfg = Release|Any CPU
		{FE1E0626-39E5-470A-B815-E8491AFCA260}.Release|Any CPU.Build.0 = Release|Any CPU
		{8F00F8BB-ECB6-4841-8502-853E1B9854F5}.Debug|Any CPU.ActiveCfg = Debug|Any CPU
		{8F00F8BB-ECB6-4841-8502-853E1B9854F5}.Debug|Any CPU.Build.0 = Debug|Any CPU
		{8F00F8BB-ECB6-4841-8502-853E1B9854F5}.Release|Any CPU.ActiveCfg = Release|Any CPU
		{8F00F8BB-ECB6-4841-8502-853E1B9854F5}.Release|Any CPU.Build.0 = Release|Any CPU
		{F6C16166-C0BF-47D6-AEF4-78DE39618BCA}.Debug|Any CPU.ActiveCfg = Debug|Any CPU
		{F6C16166-C0BF-47D6-AEF4-78DE39618BCA}.Debug|Any CPU.Build.0 = Debug|Any CPU
		{F6C16166-C0BF-47D6-AEF4-78DE39618BCA}.Release|Any CPU.ActiveCfg = Release|Any CPU
		{F6C16166-C0BF-47D6-AEF4-78DE39618BCA}.Release|Any CPU.Build.0 = Release|Any CPU
		{8A84AD36-FFBF-49D5-A786-11981E16F36B}.Debug|Any CPU.ActiveCfg = Debug|Any CPU
		{8A84AD36-FFBF-49D5-A786-11981E16F36B}.Debug|Any CPU.Build.0 = Debug|Any CPU
		{8A84AD36-FFBF-49D5-A786-11981E16F36B}.Release|Any CPU.ActiveCfg = Release|Any CPU
		{8A84AD36-FFBF-49D5-A786-11981E16F36B}.Release|Any CPU.Build.0 = Release|Any CPU
		{98B3F1E7-D55F-4E89-8617-622C5A770F81}.Debug|Any CPU.ActiveCfg = Debug|Any CPU
		{98B3F1E7-D55F-4E89-8617-622C5A770F81}.Debug|Any CPU.Build.0 = Debug|Any CPU
		{98B3F1E7-D55F-4E89-8617-622C5A770F81}.Release|Any CPU.ActiveCfg = Release|Any CPU
		{98B3F1E7-D55F-4E89-8617-622C5A770F81}.Release|Any CPU.Build.0 = Release|Any CPU
		{48C4FFC5-99DC-4F8B-B7A4-1075A15952DB}.Debug|Any CPU.ActiveCfg = Debug|Any CPU
		{48C4FFC5-99DC-4F8B-B7A4-1075A15952DB}.Debug|Any CPU.Build.0 = Debug|Any CPU
		{48C4FFC5-99DC-4F8B-B7A4-1075A15952DB}.Release|Any CPU.ActiveCfg = Release|Any CPU
		{48C4FFC5-99DC-4F8B-B7A4-1075A15952DB}.Release|Any CPU.Build.0 = Release|Any CPU
		{F9F8B6F3-4AE7-4971-9945-ECF35D87B354}.Debug|Any CPU.ActiveCfg = Debug|Any CPU
		{F9F8B6F3-4AE7-4971-9945-ECF35D87B354}.Debug|Any CPU.Build.0 = Debug|Any CPU
		{F9F8B6F3-4AE7-4971-9945-ECF35D87B354}.Release|Any CPU.ActiveCfg = Release|Any CPU
		{F9F8B6F3-4AE7-4971-9945-ECF35D87B354}.Release|Any CPU.Build.0 = Release|Any CPU
		{AC218F83-C1D2-433C-922E-A8DB63DA925B}.Debug|Any CPU.ActiveCfg = Debug|Any CPU
		{AC218F83-C1D2-433C-922E-A8DB63DA925B}.Debug|Any CPU.Build.0 = Debug|Any CPU
		{AC218F83-C1D2-433C-922E-A8DB63DA925B}.Release|Any CPU.ActiveCfg = Release|Any CPU
		{AC218F83-C1D2-433C-922E-A8DB63DA925B}.Release|Any CPU.Build.0 = Release|Any CPU
		{A4547EE2-3949-4343-A64F-C019FB3C2A86}.Debug|Any CPU.ActiveCfg = Debug|Any CPU
		{A4547EE2-3949-4343-A64F-C019FB3C2A86}.Debug|Any CPU.Build.0 = Debug|Any CPU
		{A4547EE2-3949-4343-A64F-C019FB3C2A86}.Release|Any CPU.ActiveCfg = Release|Any CPU
		{A4547EE2-3949-4343-A64F-C019FB3C2A86}.Release|Any CPU.Build.0 = Release|Any CPU
		{7E6FFAFB-7243-4873-8472-F39D57C1741B}.Debug|Any CPU.ActiveCfg = Debug|Any CPU
		{7E6FFAFB-7243-4873-8472-F39D57C1741B}.Debug|Any CPU.Build.0 = Debug|Any CPU
		{7E6FFAFB-7243-4873-8472-F39D57C1741B}.Release|Any CPU.ActiveCfg = Release|Any CPU
		{7E6FFAFB-7243-4873-8472-F39D57C1741B}.Release|Any CPU.Build.0 = Release|Any CPU
		{FB31ED35-51A4-43EA-A1E3-3568D1FE88C3}.Debug|Any CPU.ActiveCfg = Debug|Any CPU
		{FB31ED35-51A4-43EA-A1E3-3568D1FE88C3}.Debug|Any CPU.Build.0 = Debug|Any CPU
		{FB31ED35-51A4-43EA-A1E3-3568D1FE88C3}.Release|Any CPU.ActiveCfg = Release|Any CPU
		{FB31ED35-51A4-43EA-A1E3-3568D1FE88C3}.Release|Any CPU.Build.0 = Release|Any CPU
	EndGlobalSection
	GlobalSection(SolutionProperties) = preSolution
		HideSolutionNode = FALSE
	EndGlobalSection
	GlobalSection(NestedProjects) = preSolution
		{C02AFF46-6F81-48FA-B15A-8DD6EC6FFB23} = {9BA4ACBF-7CF3-4FAD-83D6-FC4EA0247174}
		{51E5B649-4754-4913-81D3-9571AA53AD3F} = {9BA4ACBF-7CF3-4FAD-83D6-FC4EA0247174}
		{FEBD95C5-0355-4986-9497-6021EEBB7979} = {9BA4ACBF-7CF3-4FAD-83D6-FC4EA0247174}
		{61D1B1DC-32E5-4C1B-938A-45E226BE55FB} = {E92C52FB-58F5-4FFE-B205-90F731C61181}
		{FE1E0626-39E5-470A-B815-E8491AFCA260} = {E92C52FB-58F5-4FFE-B205-90F731C61181}
		{8F00F8BB-ECB6-4841-8502-853E1B9854F5} = {E92C52FB-58F5-4FFE-B205-90F731C61181}
		{F6C16166-C0BF-47D6-AEF4-78DE39618BCA} = {72C298BD-BC85-4F47-919D-2E953171E0C1}
		{8A84AD36-FFBF-49D5-A786-11981E16F36B} = {72C298BD-BC85-4F47-919D-2E953171E0C1}
		{98B3F1E7-D55F-4E89-8617-622C5A770F81} = {72C298BD-BC85-4F47-919D-2E953171E0C1}
		{48C4FFC5-99DC-4F8B-B7A4-1075A15952DB} = {9E341E8B-270B-4324-B638-02F2656BE1E6}
		{F9F8B6F3-4AE7-4971-9945-ECF35D87B354} = {9E341E8B-270B-4324-B638-02F2656BE1E6}
		{AC218F83-C1D2-433C-922E-A8DB63DA925B} = {9E341E8B-270B-4324-B638-02F2656BE1E6}
		{A4547EE2-3949-4343-A64F-C019FB3C2A86} = {1AF97471-F299-491B-B866-C0955504BE2C}
		{7E6FFAFB-7243-4873-8472-F39D57C1741B} = {1AF97471-F299-491B-B866-C0955504BE2C}
		{FB31ED35-51A4-43EA-A1E3-3568D1FE88C3} = {1AF97471-F299-491B-B866-C0955504BE2C}
	EndGlobalSection
	GlobalSection(ExtensibilityGlobals) = postSolution
		SolutionGuid = {67A9F6D5-A920-4281-825D-2FD71DCAAAB3}
	EndGlobalSection
EndGlobal
